{
  "name": "notepad",
  "lockfileVersion": 3,
  "requires": true,
  "packages": {
    "": {
      "name": "notepad",
      "devDependencies": {
        "@leeoohoo/ui-apps-devkit": "^0.1.1"
      }
    },
    "node_modules/@leeoohoo/ui-apps-devkit": {
      "version": "0.1.1",
      "resolved": "https://registry.npmjs.org/@leeoohoo/ui-apps-devkit/-/ui-apps-devkit-0.1.1.tgz",
      "integrity": "sha512-/7oVRGQrcFeIyJ0miNzF2NyMOuwHHRRFnL7WZAP7oGyo20H/WQ0soGnOMPH9fJfVG3Bnrb+2bqrFBYBNq8UWzg==",
      "dev": true,
      "license": "MIT",
      "bin": {
        "chatos-uiapp": "bin/chatos-uiapp.js"
      },
      "engines": {
        "node": ">=18"
      }
    }
  }
}
